// !$*UTF8*$!
{
	archiveVersion = 1;
	classes = {
	};
	objectVersion = 46;
	objects = {

/* Begin PBXBuildFile section */
		265A9B5A1CE0779B00898760 /* main.m in Sources */ = {isa = PBXBuildFile; fileRef = 265A9B591CE0779B00898760 /* main.m */; };
		265A9B5D1CE0779B00898760 /* AppDelegate.m in Sources */ = {isa = PBXBuildFile; fileRef = 265A9B5C1CE0779B00898760 /* AppDelegate.m */; };
		265A9B601CE0779B00898760 /* ViewController.m in Sources */ = {isa = PBXBuildFile; fileRef = 265A9B5F1CE0779B00898760 /* ViewController.m */; };
		265A9B631CE0779B00898760 /* Main.storyboard in Resources */ = {isa = PBXBuildFile; fileRef = 265A9B611CE0779B00898760 /* Main.storyboard */; };
		265A9B651CE0779B00898760 /* Assets.xcassets in Resources */ = {isa = PBXBuildFile; fileRef = 265A9B641CE0779B00898760 /* Assets.xcassets */; };
		265A9B681CE0779B00898760 /* LaunchScreen.storyboard in Resources */ = {isa = PBXBuildFile; fileRef = 265A9B661CE0779B00898760 /* LaunchScreen.storyboard */; };
		265A9B731CE0779B00898760 /* DemoLocationUITests.m in Sources */ = {isa = PBXBuildFile; fileRef = 265A9B721CE0779B00898760 /* DemoLocationUITests.m */; };
		265A9B7E1CE07A3700898760 /* UIKit.framework in Frameworks */ = {isa = PBXBuildFile; fileRef = 265A9B7D1CE07A3700898760 /* UIKit.framework */; };
		265A9B801CE07A6000898760 /* CoreLocation.framework in Frameworks */ = {isa = PBXBuildFile; fileRef = 265A9B7F1CE07A6000898760 /* CoreLocation.framework */; };
		265A9B821CE07A6700898760 /* CoreGraphics.framework in Frameworks */ = {isa = PBXBuildFile; fileRef = 265A9B811CE07A6700898760 /* CoreGraphics.framework */; };
		265A9B841CE07AA800898760 /* MapKit.framework in Frameworks */ = {isa = PBXBuildFile; fileRef = 265A9B831CE07AA800898760 /* MapKit.framework */; };
/* End PBXBuildFile section */

/* Begin PBXContainerItemProxy section */
		265A9B6F1CE0779B00898760 /* PBXContainerItemProxy */ = {
			isa = PBXContainerItemProxy;
			containerPortal = 265A9B4D1CE0779B00898760 /* Project object */;
			proxyType = 1;
			remoteGlobalIDString = 265A9B541CE0779B00898760;
			remoteInfo = DemoLocation;
		};
/* End PBXContainerItemProxy section */

/* Begin PBXFileReference section */
		265A9B551CE0779B00898760 /* DemoLocation.app */ = {isa = PBXFileReference; explicitFileType = wrapper.application; includeInIndex = 0; path = DemoLocation.app; sourceTree = BUILT_PRODUCTS_DIR; };
		265A9B591CE0779B00898760 /* main.m */ = {isa = PBXFileReference; lastKnownFileType = sourcecode.c.objc; path = main.m; sourceTree = "<group>"; };
		265A9B5B1CE0779B00898760 /* AppDelegate.h */ = {isa = PBXFileReference; lastKnownFileType = sourcecode.c.h; path = AppDelegate.h; sourceTree = "<group>"; };
		265A9B5C1CE0779B00898760 /* AppDelegate.m */ = {isa = PBXFileReference; lastKnownFileType = sourcecode.c.objc; path = AppDelegate.m; sourceTree = "<group>"; };
		265A9B5E1CE0779B00898760 /* ViewController.h */ = {isa = PBXFileReference; lastKnownFileType = sourcecode.c.h; path = ViewController.h; sourceTree = "<group>"; };
		265A9B5F1CE0779B00898760 /* ViewController.m */ = {isa = PBXFileReference; lastKnownFileType = sourcecode.c.objc; path = ViewController.m; sourceTree = "<group>"; };
		265A9B621CE0779B00898760 /* Base */ = {isa = PBXFileReference; lastKnownFileType = file.storyboard; name = Base; path = Base.lproj/Main.storyboard; sourceTree = "<group>"; };
		265A9B641CE0779B00898760 /* Assets.xcassets */ = {isa = PBXFileReference; lastKnownFileType = folder.assetcatalog; path = Assets.xcassets; sourceTree = "<group>"; };
		265A9B671CE0779B00898760 /* Base */ = {isa = PBXFileReference; lastKnownFileType = file.storyboard; name = Base; path = Base.lproj/LaunchScreen.storyboard; sourceTree = "<group>"; };
		265A9B691CE0779B00898760 /* Info.plist */ = {isa = PBXFileReference; lastKnownFileType = text.plist.xml; path = Info.plist; sourceTree = "<group>"; };
		265A9B6E1CE0779B00898760 /* DemoLocationUITests.xctest */ = {isa = PBXFileReference; explicitFileType = wrapper.cfbundle; includeInIndex = 0; path = DemoLocationUITests.xctest; sourceTree = BUILT_PRODUCTS_DIR; };
		265A9B721CE0779B00898760 /* DemoLocationUITests.m */ = {isa = PBXFileReference; lastKnownFileType = sourcecode.c.objc; path = DemoLocationUITests.m; sourceTree = "<group>"; };
		265A9B741CE0779B00898760 /* Info.plist */ = {isa = PBXFileReference; lastKnownFileType = text.plist.xml; path = Info.plist; sourceTree = "<group>"; };
		265A9B7D1CE07A3700898760 /* UIKit.framework */ = {isa = PBXFileReference; lastKnownFileType = wrapper.framework; name = UIKit.framework; path = System/Library/Frameworks/UIKit.framework; sourceTree = SDKROOT; };
		265A9B7F1CE07A6000898760 /* CoreLocation.framework */ = {isa = PBXFileReference; lastKnownFileType = wrapper.framework; name = CoreLocation.framework; path = System/Library/Frameworks/CoreLocation.framework; sourceTree = SDKROOT; };
		265A9B811CE07A6700898760 /* CoreGraphics.framework */ = {isa = PBXFileReference; lastKnownFileType = wrapper.framework; name = CoreGraphics.framework; path = System/Library/Frameworks/CoreGraphics.framework; sourceTree = SDKROOT; };
		265A9B831CE07AA800898760 /* MapKit.framework */ = {isa = PBXFileReference; lastKnownFileType = wrapper.framework; name = MapKit.framework; path = System/Library/Frameworks/MapKit.framework; sourceTree = SDKROOT; };
/* End PBXFileReference section */

/* Begin PBXFrameworksBuildPhase section */
		265A9B521CE0779B00898760 /* Frameworks */ = {
			isa = PBXFrameworksBuildPhase;
			buildActionMask = 2147483647;
			files = (
				265A9B841CE07AA800898760 /* MapKit.framework in Frameworks */,
				265A9B821CE07A6700898760 /* CoreGraphics.framework in Frameworks */,
				265A9B801CE07A6000898760 /* CoreLocation.framework in Frameworks */,
				265A9B7E1CE07A3700898760 /* UIKit.framework in Frameworks */,
			);
			runOnlyForDeploymentPostprocessing = 0;
		};
		265A9B6B1CE0779B00898760 /* Frameworks */ = {
			isa = PBXFrameworksBuildPhase;
			buildActionMask = 2147483647;
			files = (
			);
			runOnlyForDeploymentPostprocessing = 0;
		};
/* End PBXFrameworksBuildPhase section */

/* Begin PBXGroup section */
		265A9B4C1CE0779B00898760 = {
			isa = PBXGroup;
			children = (
				265A9B831CE07AA800898760 /* MapKit.framework */,
				265A9B811CE07A6700898760 /* CoreGraphics.framework */,
				265A9B7F1CE07A6000898760 /* CoreLocation.framework */,
				265A9B7D1CE07A3700898760 /* UIKit.framework */,
				265A9B571CE0779B00898760 /* DemoLocation */,
				265A9B711CE0779B00898760 /* DemoLocationUITests */,
				265A9B561CE0779B00898760 /* Products */,
			);
			sourceTree = "<group>";
		};
		265A9B561CE0779B00898760 /* Products */ = {
			isa = PBXGroup;
			children = (
				265A9B551CE0779B00898760 /* DemoLocation.app */,
				265A9B6E1CE0779B00898760 /* DemoLocationUITests.xctest */,
			);
			name = Products;
			sourceTree = "<group>";
		};
		265A9B571CE0779B00898760 /* DemoLocation */ = {
			isa = PBXGroup;
			children = (
				265A9B5B1CE0779B00898760 /* AppDelegate.h */,
				265A9B5C1CE0779B00898760 /* AppDelegate.m */,
				265A9B5E1CE0779B00898760 /* ViewController.h */,
				265A9B5F1CE0779B00898760 /* ViewController.m */,
				265A9B611CE0779B00898760 /* Main.storyboard */,
				265A9B641CE0779B00898760 /* Assets.xcassets */,
				265A9B661CE0779B00898760 /* LaunchScreen.storyboard */,
				265A9B691CE0779B00898760 /* Info.plist */,
				265A9B581CE0779B00898760 /* Supporting Files */,
			);
			path = DemoLocation;
			sourceTree = "<group>";
		};
		265A9B581CE0779B00898760 /* Supporting Files */ = {
			isa = PBXGroup;
			children = (
				265A9B591CE0779B00898760 /* main.m */,
			);
			name = "Supporting Files";
			sourceTree = "<group>";
		};
		265A9B711CE0779B00898760 /* DemoLocationUITests */ = {
			isa = PBXGroup;
			children = (
				265A9B721CE0779B00898760 /* DemoLocationUITests.m */,
				265A9B741CE0779B00898760 /* Info.plist */,
			);
			path = DemoLocationUITests;
			sourceTree = "<group>";
		};
/* End PBXGroup section */

/* Begin PBXNativeTarget section */
		265A9B541CE0779B00898760 /* DemoLocation */ = {
			isa = PBXNativeTarget;
			buildConfigurationList = 265A9B771CE0779B00898760 /* Build configuration list for PBXNativeTarget "DemoLocation" */;
			buildPhases = (
				265A9B511CE0779B00898760 /* Sources */,
				265A9B521CE0779B00898760 /* Frameworks */,
				265A9B531CE0779B00898760 /* Resources */,
			);
			buildRules = (
			);
			dependencies = (
			);
			name = DemoLocation;
			productName = DemoLocation;
			productReference = 265A9B551CE0779B00898760 /* DemoLocation.app */;
			productType = "com.apple.product-type.application";
		};
		265A9B6D1CE0779B00898760 /* DemoLocationUITests */ = {
			isa = PBXNativeTarget;
			buildConfigurationList = 265A9B7A1CE0779B00898760 /* Build configuration list for PBXNativeTarget "DemoLocationUITests" */;
			buildPhases = (
				265A9B6A1CE0779B00898760 /* Sources */,
				265A9B6B1CE0779B00898760 /* Frameworks */,
				265A9B6C1CE0779B00898760 /* Resources */,
			);
			buildRules = (
			);
			dependencies = (
				265A9B701CE0779B00898760 /* PBXTargetDependency */,
			);
			name = DemoLocationUITests;
			productName = DemoLocationUITests;
			productReference = 265A9B6E1CE0779B00898760 /* DemoLocationUITests.xctest */;
			productType = "com.apple.product-type.bundle.ui-testing";
		};
/* End PBXNativeTarget section */

/* Begin PBXProject section */
		265A9B4D1CE0779B00898760 /* Project object */ = {
			isa = PBXProject;
			attributes = {
				LastUpgradeCheck = 0730;
				ORGANIZATIONNAME = "郑东喜";
				TargetAttributes = {
					265A9B541CE0779B00898760 = {
						CreatedOnToolsVersion = 7.3.1;
					};
					265A9B6D1CE0779B00898760 = {
						CreatedOnToolsVersion = 7.3.1;
						TestTargetID = 265A9B541CE0779B00898760;
					};
				};
			};
			buildConfigurationList = 265A9B501CE0779B00898760 /* Build configuration list for PBXProject "DemoLocation" */;
			compatibilityVersion = "Xcode 3.2";
			developmentRegion = English;
			hasScannedForEncodings = 0;
			knownRegions = (
				en,
				Base,
			);
			mainGroup = 265A9B4C1CE0779B00898760;
			productRefGroup = 265A9B561CE0779B00898760 /* Products */;
			projectDirPath = "";
			projectRoot = "";
			targets = (
				265A9B541CE0779B00898760 /* DemoLocation */,
				265A9B6D1CE0779B00898760 /* DemoLocationUITests */,
			);
		};
/* End PBXProject section */

/* Begin PBXResourcesBuildPhase section */
		265A9B531CE0779B00898760 /* Resources */ = {
			isa = PBXResourcesBuildPhase;
			buildActionMask = 2147483647;
			files = (
				265A9B681CE0779B00898760 /* LaunchScreen.storyboard in Resources */,
				265A9B651CE0779B00898760 /* Assets.xcassets in Resources */,
				265A9B631CE0779B00898760 /* Main.storyboard in Resources */,
			);
			runOnlyForDeploymentPostprocessing = 0;
		};
		265A9B6C1CE0779B00898760 /* Resources */ = {
			isa = PBXResourcesBuildPhase;
			buildActionMask = 2147483647;
			files = (
			);
			runOnlyForDeploymentPostprocessing = 0;
		};
/* End PBXResourcesBuildPhase section */

/* Begin PBXSourcesBuildPhase section */
		265A9B511CE0779B00898760 /* Sources */ = {
			isa = PBXSourcesBuildPhase;
			buildActionMask = 2147483647;
			files = (
				265A9B601CE0779B00898760 /* ViewController.m in Sources */,
				265A9B5D1CE0779B00898760 /* AppDelegate.m in Sources */,
				265A9B5A1CE0779B00898760 /* main.m in Sources */,
			);
			runOnlyForDeploymentPostprocessing = 0;
		};
		265A9B6A1CE0779B00898760 /* Sources */ = {
			isa = PBXSourcesBuildPhase;
			buildActionMask = 2147483647;
			files = (
				265A9B731CE0779B00898760 /* DemoLocationUITests.m in Sources */,
			);
			runOnlyForDeploymentPostprocessing = 0;
		};
/* End PBXSourcesBuildPhase section */

/* Begin PBXTargetDependency section */
		265A9B701CE0779B00898760 /* PBXTargetDependency */ = {
			isa = PBXTargetDependency;
			target = 265A9B541CE0779B00898760 /* DemoLocation */;
			targetProxy = 265A9B6F1CE0779B00898760 /* PBXContainerItemProxy */;
		};
/* End PBXTargetDependency section */

/* Begin PBXVariantGroup section */
		265A9B611CE0779B00898760 /* Main.storyboard */ = {
			isa = PBXVariantGroup;
			children = (
				265A9B621CE0779B00898760 /* Base */,
			);
			name = Main.storyboard;
			sourceTree = "<group>";
		};
		265A9B661CE0779B00898760 /* LaunchScreen.storyboard */ = {
			isa = PBXVariantGroup;
			children = (
				265A9B671CE0779B00898760 /* Base */,
			);
			name = LaunchScreen.storyboard;
			sourceTree = "<group>";
		};
/* End PBXVariantGroup section */

/* Begin XCBuildConfiguration section */
		265A9B751CE0779B00898760 /* Debug */ = {
			isa = XCBuildConfiguration;
			buildSettings = {
				ALWAYS_SEARCH_USER_PATHS = NO;
				CLANG_ANALYZER_NONNULL = YES;
				CLANG_CXX_LANGUAGE_STANDARD = "gnu++0x";
				CLANG_CXX_LIBRARY = "libc++";
				CLANG_ENABLE_MODULES = YES;
				CLANG_ENABLE_OBJC_ARC = YES;
				CLANG_WARN_BOOL_CONVERSION = YES;
				CLANG_WARN_CONSTANT_CONVERSION = YES;
				CLANG_WARN_DIRECT_OBJC_ISA_USAGE = YES_ERROR;
				CLANG_WARN_EMPTY_BODY = YES;
				CLANG_WARN_ENUM_CONVERSION = YES;
				CLANG_WARN_INT_CONVERSION = YES;
				CLANG_WARN_OBJC_ROOT_CLASS = YES_ERROR;
				CLANG_WARN_UNREACHABLE_CODE = YES;
				CLANG_WARN__DUPLICATE_METHOD_MATCH = YES;
				"CODE_SIGN_IDENTITY[sdk=iphoneos*]" = "iPhone Developer";
				COPY_PHASE_STRIP = NO;
				DEBUG_INFORMATION_FORMAT = dwarf;
				ENABLE_STRICT_OBJC_MSGSEND = YES;
				ENABLE_TESTABILITY = YES;
				GCC_C_LANGUAGE_STANDARD = gnu99;
				GCC_DYNAMIC_NO_PIC = NO;
				GCC_NO_COMMON_BLOCKS = YES;
				GCC_OPTIMIZATION_LEVEL = 0;
				GCC_PREPROCESSOR_DEFINITIONS = (
					"DEBUG=1",
					"$(inherited)",
				);
				GCC_WARN_64_TO_32_BIT_CONVERSION = YES;
				GCC_WARN_ABOUT_RETURN_TYPE = YES_ERROR;
				GCC_WARN_UNDECLARED_SELECTOR = YES;
				GCC_WARN_UNINITIALIZED_AUTOS = YES_AGGRESSIVE;
				GCC_WARN_UNUSED_FUNCTION = YES;
				GCC_WARN_UNUSED_VARIABLE = YES;
				IPHONEOS_DEPLOYMENT_TARGET = 9.3;
				MTL_ENABLE_DEBUG_INFO = YES;
				ONLY_ACTIVE_ARCH = YES;
				SDKROOT = iphoneos;
				TARGETED_DEVICE_FAMILY = "1,2";
			};
			name = Debug;
		};
		265A9B761CE0779B00898760 /* Release */ = {
			isa = XCBuildConfiguration;
			buildSettings = {
				ALWAYS_SEARCH_USER_PATHS = NO;
				CLANG_ANALYZER_NONNULL = YES;
				CLANG_CXX_LANGUAGE_STANDARD = "gnu++0x";
				CLANG_CXX_LIBRARY = "libc++";
				CLANG_ENABLE_MODULES = YES;
				CLANG_ENABLE_OBJC_ARC = YES;
				CLANG_WARN_BOOL_CONVERSION = YES;
				CLANG_WARN_CONSTANT_CONVERSION = YES;
				CLANG_WARN_DIRECT_OBJC_ISA_USAGE = YES_ERROR;
				CLANG_WARN_EMPTY_BODY = YES;
				CLANG_WARN_ENUM_CONVERSION = YES;
				CLANG_WARN_INT_CONVERSION = YES;
				CLANG_WARN_OBJC_ROOT_CLASS = YES_ERROR;
				CLANG_WARN_UNREACHABLE_CODE = YES;
				CLANG_WARN__DUPLICATE_METHOD_MATCH = YES;
				"CODE_SIGN_IDENTITY[sdk=iphoneos*]" = "iPhone Developer";
				COPY_PHASE_STRIP = NO;
				DEBUG_INFORMATION_FORMAT = "dwarf-with-dsym";
				ENABLE_NS_ASSERTIONS = NO;
				ENABLE_STRICT_OBJC_MSGSEND = YES;
				GCC_C_LANGUAGE_STANDARD = gnu99;
				GCC_NO_COMMON_BLOCKS = YES;
				GCC_WARN_64_TO_32_BIT_CONVERSION = YES;
				GCC_WARN_ABOUT_RETURN_TYPE = YES_ERROR;
				GCC_WARN_UNDECLARED_SELECTOR = YES;
				GCC_WARN_UNINITIALIZED_AUTOS = YES_AGGRESSIVE;
				GCC_WARN_UNUSED_FUNCTION = YES;
				GCC_WARN_UNUSED_VARIABLE = YES;
				IPHONEOS_DEPLOYMENT_TARGET = 9.3;
				MTL_ENABLE_DEBUG_INFO = NO;
				SDKROOT = iphoneos;
				TARGETED_DEVICE_FAMILY = "1,2";
				VALIDATE_PRODUCT = YES;
			};
			name = Release;
		};
		265A9B781CE0779B00898760 /* Debug */ = {
			isa = XCBuildConfiguration;
			buildSettings = {
				ASSETCATALOG_COMPILER_APPICON_NAME = AppIcon;
				INFOPLIST_FILE = DemoLocation/Info.plist;
				LD_RUNPATH_SEARCH_PATHS = "$(inherited) @executable_path/Frameworks";
				PRODUCT_BUNDLE_IDENTIFIER = com.zdx.DemoLocation;
				PRODUCT_NAME = "$(TARGET_NAME)";
			};
			name = Debug;
		};
		265A9B791CE0779B00898760 /* Release */ = {
			isa = XCBuildConfiguration;
			buildSettings = {
				ASSETCATALOG_COMPILER_APPICON_NAME = AppIcon;
				INFOPLIST_FILE = DemoLocation/Info.plist;
				LD_RUNPATH_SEARCH_PATHS = "$(inherited) @executable_path/Frameworks";
				PRODUCT_BUNDLE_IDENTIFIER = com.zdx.DemoLocation;
				PRODUCT_NAME = "$(TARGET_NAME)";
			};
			name = Release;
		};
		265A9B7B1CE0779B00898760 /* Debug */ = {
			isa = XCBuildConfiguration;
			buildSettings = {
				INFOPLIST_FILE = DemoLocationUITests/Info.plist;
				LD_RUNPATH_SEARCH_PATHS = "$(inherited) @executable_path/Frameworks @loader_path/Frameworks";
				PRODUCT_BUNDLE_IDENTIFIER = com.zdx.DemoLocationUITests;
				PRODUCT_NAME = "$(TARGET_NAME)";
				TEST_TARGET_NAME = DemoLocation;
			};
			name = Debug;
		};
		265A9B7C1CE0779B00898760 /* Release */ = {
			isa = XCBuildConfiguration;
			buildSettings = {
				INFOPLIST_FILE = DemoLocationUITests/Info.plist;
				LD_RUNPATH_SEARCH_PATHS = "$(inherited) @executable_path/Frameworks @loader_path/Frameworks";
				PRODUCT_BUNDLE_IDENTIFIER = com.zdx.DemoLocationUITests;
				PRODUCT_NAME = "$(TARGET_NAME)";
				TEST_TARGET_NAME = DemoLocation;
			};
			name = Release;
		};
/* End XCBuildConfiguration section */

/* Begin XCConfigurationList section */
		265A9B501CE0779B00898760 /* Build configuration list for PBXProject "DemoLocation" */ = {
			isa = XCConfigurationList;
			buildConfigurations = (
				265A9B751CE0779B00898760 /* Debug */,
				265A9B761CE0779B00898760 /* Release */,
			);
			defaultConfigurationIsVisible = 0;
			defaultConfigurationName = Release;
		};
		265A9B771CE0779B00898760 /* Build configuration list for PBXNativeTarget "DemoLocation" */ = {
			isa = XCConfigurationList;
			buildConfigurations = (
				265A9B781CE0779B00898760 /* Debug */,
				265A9B791CE0779B00898760 /* Release */,
			);
			defaultConfigurationIsVisible = 0;
		};
		265A9B7A1CE0779B00898760 /* Build configuration list for PBXNativeTarget "DemoLocationUITests" */ = {
			isa = XCConfigurationList;
			buildConfigurations = (
				265A9B7B1CE0779B00898760 /* Debug */,
				265A9B7C1CE0779B00898760 /* Release */,
			);
			defaultConfigurationIsVisible = 0;
		};
/* End XCConfigurationList section */
	};
	rootObject = 265A9B4D1CE0779B00898760 /* Project object */;
}
